// !$*UTF8*$!
{
	archiveVersion = 1;
	classes = {
	};
	objectVersion = 46;
	objects = {

/* Begin PBXBuildFile section */
		623316211A0687E7001780FC /* AppDelegate.swift in Sources */ = {isa = PBXBuildFile; fileRef = 623316201A0687E7001780FC /* AppDelegate.swift */; };
		623316231A0687E7001780FC /* ViewController.swift in Sources */ = {isa = PBXBuildFile; fileRef = 623316221A0687E7001780FC /* ViewController.swift */; };
		623316261A0687E7001780FC /* Main.storyboard in Resources */ = {isa = PBXBuildFile; fileRef = 623316241A0687E7001780FC /* Main.storyboard */; };
		623316281A0687E7001780FC /* Images.xcassets in Resources */ = {isa = PBXBuildFile; fileRef = 623316271A0687E7001780FC /* Images.xcassets */; };
		6233162B1A0687E7001780FC /* LaunchScreen.xib in Resources */ = {isa = PBXBuildFile; fileRef = 623316291A0687E7001780FC /* LaunchScreen.xib */; };
		623316371A0687E7001780FC /* LionsAndTigersTests.swift in Sources */ = {isa = PBXBuildFile; fileRef = 623316361A0687E7001780FC /* LionsAndTigersTests.swift */; };
		623316411A069291001780FC /* Tiger.swift in Sources */ = {isa = PBXBuildFile; fileRef = 623316401A069291001780FC /* Tiger.swift */; };
		6233164A1A0694DB001780FC /* BengalTiger.jpg in Resources */ = {isa = PBXBuildFile; fileRef = 623316421A0694DB001780FC /* BengalTiger.jpg */; };
		6233164B1A0694DB001780FC /* IndochineseTiger.jpg in Resources */ = {isa = PBXBuildFile; fileRef = 623316431A0694DB001780FC /* IndochineseTiger.jpg */; };
		6233164C1A0694DB001780FC /* Lion.jpg in Resources */ = {isa = PBXBuildFile; fileRef = 623316441A0694DB001780FC /* Lion.jpg */; };
		6233164D1A0694DB001780FC /* LionCub1.jpg in Resources */ = {isa = PBXBuildFile; fileRef = 623316451A0694DB001780FC /* LionCub1.jpg */; };
		6233164E1A0694DB001780FC /* LionCub2.jpeg in Resources */ = {isa = PBXBuildFile; fileRef = 623316461A0694DB001780FC /* LionCub2.jpeg */; };
		6233164F1A0694DB001780FC /* Lioness.jpeg in Resources */ = {isa = PBXBuildFile; fileRef = 623316471A0694DB001780FC /* Lioness.jpeg */; };
		623316501A0694DB001780FC /* MalayanTiger.jpg in Resources */ = {isa = PBXBuildFile; fileRef = 623316481A0694DB001780FC /* MalayanTiger.jpg */; };
		623316511A0694DB001780FC /* SiberianTiger.jpg in Resources */ = {isa = PBXBuildFile; fileRef = 623316491A0694DB001780FC /* SiberianTiger.jpg */; };
/* End PBXBuildFile section */

/* Begin PBXContainerItemProxy section */
		623316311A0687E7001780FC /* PBXContainerItemProxy */ = {
			isa = PBXContainerItemProxy;
			containerPortal = 623316131A0687E7001780FC /* Project object */;
			proxyType = 1;
			remoteGlobalIDString = 6233161A1A0687E7001780FC;
			remoteInfo = LionsAndTigers;
		};
/* End PBXContainerItemProxy section */

/* Begin PBXFileReference section */
		6233161B1A0687E7001780FC /* LionsAndTigers.app */ = {isa = PBXFileReference; explicitFileType = wrapper.application; includeInIndex = 0; path = LionsAndTigers.app; sourceTree = BUILT_PRODUCTS_DIR; };
		6233161F1A0687E7001780FC /* Info.plist */ = {isa = PBXFileReference; lastKnownFileType = text.plist.xml; path = Info.plist; sourceTree = "<group>"; };
		623316201A0687E7001780FC /* AppDelegate.swift */ = {isa = PBXFileReference; lastKnownFileType = sourcecode.swift; path = AppDelegate.swift; sourceTree = "<group>"; };
		623316221A0687E7001780FC /* ViewController.swift */ = {isa = PBXFileReference; lastKnownFileType = sourcecode.swift; path = ViewController.swift; sourceTree = "<group>"; };
		623316251A0687E7001780FC /* Base */ = {isa = PBXFileReference; lastKnownFileType = file.storyboard; name = Base; path = Base.lproj/Main.storyboard; sourceTree = "<group>"; };
		623316271A0687E7001780FC /* Images.xcassets */ = {isa = PBXFileReference; lastKnownFileType = folder.assetcatalog; path = Images.xcassets; sourceTree = "<group>"; };
		6233162A1A0687E7001780FC /* Base */ = {isa = PBXFileReference; lastKnownFileType = file.xib; name = Base; path = Base.lproj/LaunchScreen.xib; sourceTree = "<group>"; };
		623316301A0687E7001780FC /* LionsAndTigersTests.xctest */ = {isa = PBXFileReference; explicitFileType = wrapper.cfbundle; includeInIndex = 0; path = LionsAndTigersTests.xctest; sourceTree = BUILT_PRODUCTS_DIR; };
		623316351A0687E7001780FC /* Info.plist */ = {isa = PBXFileReference; lastKnownFileType = text.plist.xml; path = Info.plist; sourceTree = "<group>"; };
		623316361A0687E7001780FC /* LionsAndTigersTests.swift */ = {isa = PBXFileReference; lastKnownFileType = sourcecode.swift; path = LionsAndTigersTests.swift; sourceTree = "<group>"; };
		623316401A069291001780FC /* Tiger.swift */ = {isa = PBXFileReference; fileEncoding = 4; lastKnownFileType = sourcecode.swift; path = Tiger.swift; sourceTree = "<group>"; };
		623316421A0694DB001780FC /* BengalTiger.jpg */ = {isa = PBXFileReference; lastKnownFileType = image.jpeg; path = BengalTiger.jpg; sourceTree = "<group>"; };
		623316431A0694DB001780FC /* IndochineseTiger.jpg */ = {isa = PBXFileReference; lastKnownFileType = image.jpeg; path = IndochineseTiger.jpg; sourceTree = "<group>"; };
		623316441A0694DB001780FC /* Lion.jpg */ = {isa = PBXFileReference; lastKnownFileType = image.jpeg; path = Lion.jpg; sourceTree = "<group>"; };
		623316451A0694DB001780FC /* LionCub1.jpg */ = {isa = PBXFileReference; lastKnownFileType = image.jpeg; path = LionCub1.jpg; sourceTree = "<group>"; };
		623316461A0694DB001780FC /* LionCub2.jpeg */ = {isa = PBXFileReference; lastKnownFileType = image.jpeg; path = LionCub2.jpeg; sourceTree = "<group>"; };
		623316471A0694DB001780FC /* Lioness.jpeg */ = {isa = PBXFileReference; lastKnownFileType = image.jpeg; path = Lioness.jpeg; sourceTree = "<group>"; };
		623316481A0694DB001780FC /* MalayanTiger.jpg */ = {isa = PBXFileReference; lastKnownFileType = image.jpeg; path = MalayanTiger.jpg; sourceTree = "<group>"; };
		623316491A0694DB001780FC /* SiberianTiger.jpg */ = {isa = PBXFileReference; lastKnownFileType = image.jpeg; path = SiberianTiger.jpg; sourceTree = "<group>"; };
/* End PBXFileReference section */

/* Begin PBXFrameworksBuildPhase section */
		623316181A0687E7001780FC /* Frameworks */ = {
			isa = PBXFrameworksBuildPhase;
			buildActionMask = 2147483647;
			files = (
			);
			runOnlyForDeploymentPostprocessing = 0;
		};
		6233162D1A0687E7001780FC /* Frameworks */ = {
			isa = PBXFrameworksBuildPhase;
			buildActionMask = 2147483647;
			files = (
			);
			runOnlyForDeploymentPostprocessing = 0;
		};
/* End PBXFrameworksBuildPhase section */

/* Begin PBXGroup section */
		623316121A0687E7001780FC = {
			isa = PBXGroup;
			children = (
				6233161D1A0687E7001780FC /* LionsAndTigers */,
				623316331A0687E7001780FC /* LionsAndTigersTests */,
				6233161C1A0687E7001780FC /* Products */,
			);
			sourceTree = "<group>";
		};
		6233161C1A0687E7001780FC /* Products */ = {
			isa = PBXGroup;
			children = (
				6233161B1A0687E7001780FC /* LionsAndTigers.app */,
				623316301A0687E7001780FC /* LionsAndTigersTests.xctest */,
			);
			name = Products;
			sourceTree = "<group>";
		};
		6233161D1A0687E7001780FC /* LionsAndTigers */ = {
			isa = PBXGroup;
			children = (
				623316201A0687E7001780FC /* AppDelegate.swift */,
				623316221A0687E7001780FC /* ViewController.swift */,
				623316401A069291001780FC /* Tiger.swift */,
				623316241A0687E7001780FC /* Main.storyboard */,
				623316271A0687E7001780FC /* Images.xcassets */,
				623316291A0687E7001780FC /* LaunchScreen.xib */,
				6233161E1A0687E7001780FC /* Supporting Files */,
			);
			path = LionsAndTigers;
			sourceTree = "<group>";
		};
		6233161E1A0687E7001780FC /* Supporting Files */ = {
			isa = PBXGroup;
			children = (
				6233161F1A0687E7001780FC /* Info.plist */,
				623316421A0694DB001780FC /* BengalTiger.jpg */,
				623316431A0694DB001780FC /* IndochineseTiger.jpg */,
				623316441A0694DB001780FC /* Lion.jpg */,
				623316451A0694DB001780FC /* LionCub1.jpg */,
				623316461A0694DB001780FC /* LionCub2.jpeg */,
				623316471A0694DB001780FC /* Lioness.jpeg */,
				623316481A0694DB001780FC /* MalayanTiger.jpg */,
				623316491A0694DB001780FC /* SiberianTiger.jpg */,
			);
			name = "Supporting Files";
			sourceTree = "<group>";
		};
		623316331A0687E7001780FC /* LionsAndTigersTests */ = {
			isa = PBXGroup;
			children = (
				623316361A0687E7001780FC /* LionsAndTigersTests.swift */,
				623316341A0687E7001780FC /* Supporting Files */,
			);
			path = LionsAndTigersTests;
			sourceTree = "<group>";
		};
		623316341A0687E7001780FC /* Supporting Files */ = {
			isa = PBXGroup;
			children = (
				623316351A0687E7001780FC /* Info.plist */,
			);
			name = "Supporting Files";
			sourceTree = "<group>";
		};
/* End PBXGroup section */

/* Begin PBXNativeTarget section */
		6233161A1A0687E7001780FC /* LionsAndTigers */ = {
			isa = PBXNativeTarget;
			buildConfigurationList = 6233163A1A0687E7001780FC /* Build configuration list for PBXNativeTarget "LionsAndTigers" */;
			buildPhases = (
				623316171A0687E7001780FC /* Sources */,
				623316181A0687E7001780FC /* Frameworks */,
				623316191A0687E7001780FC /* Resources */,
			);
			buildRules = (
			);
			dependencies = (
			);
			name = LionsAndTigers;
			productName = LionsAndTigers;
			productReference = 6233161B1A0687E7001780FC /* LionsAndTigers.app */;
			productType = "com.apple.product-type.application";
		};
		6233162F1A0687E7001780FC /* LionsAndTigersTests */ = {
			isa = PBXNativeTarget;
			buildConfigurationList = 6233163D1A0687E7001780FC /* Build configuration list for PBXNativeTarget "LionsAndTigersTests" */;
			buildPhases = (
				6233162C1A0687E7001780FC /* Sources */,
				6233162D1A0687E7001780FC /* Frameworks */,
				6233162E1A0687E7001780FC /* Resources */,
			);
			buildRules = (
			);
			dependencies = (
				623316321A0687E7001780FC /* PBXTargetDependency */,
			);
			name = LionsAndTigersTests;
			productName = LionsAndTigersTests;
			productReference = 623316301A0687E7001780FC /* LionsAndTigersTests.xctest */;
			productType = "com.apple.product-type.bundle.unit-test";
		};
/* End PBXNativeTarget section */

/* Begin PBXProject section */
		623316131A0687E7001780FC /* Project object */ = {
			isa = PBXProject;
			attributes = {
				LastUpgradeCheck = 0610;
				ORGANIZATIONNAME = "Martin Brunner";
				TargetAttributes = {
					6233161A1A0687E7001780FC = {
						CreatedOnToolsVersion = 6.1;
					};
					6233162F1A0687E7001780FC = {
						CreatedOnToolsVersion = 6.1;
						TestTargetID = 6233161A1A0687E7001780FC;
					};
				};
			};
			buildConfigurationList = 623316161A0687E7001780FC /* Build configuration list for PBXProject "LionsAndTigers" */;
			compatibilityVersion = "Xcode 3.2";
			developmentRegion = English;
			hasScannedForEncodings = 0;
			knownRegions = (
				en,
				Base,
			);
			mainGroup = 623316121A0687E7001780FC;
			productRefGroup = 6233161C1A0687E7001780FC /* Products */;
			projectDirPath = "";
			projectRoot = "";
			targets = (
				6233161A1A0687E7001780FC /* LionsAndTigers */,
				6233162F1A0687E7001780FC /* LionsAndTigersTests */,
			);
		};
/* End PBXProject section */

/* Begin PBXResourcesBuildPhase section */
		623316191A0687E7001780FC /* Resources */ = {
			isa = PBXResourcesBuildPhase;
			buildActionMask = 2147483647;
			files = (
				6233164B1A0694DB001780FC /* IndochineseTiger.jpg in Resources */,
				623316261A0687E7001780FC /* Main.storyboard in Resources */,
				6233162B1A0687E7001780FC /* LaunchScreen.xib in Resources */,
				6233164F1A0694DB001780FC /* Lioness.jpeg in Resources */,
				6233164D1A0694DB001780FC /* LionCub1.jpg in Resources */,
				623316501A0694DB001780FC /* MalayanTiger.jpg in Resources */,
				623316511A0694DB001780FC /* SiberianTiger.jpg in Resources */,
				6233164A1A0694DB001780FC /* BengalTiger.jpg in Resources */,
				623316281A0687E7001780FC /* Images.xcassets in Resources */,
				6233164C1A0694DB001780FC /* Lion.jpg in Resources */,
				6233164E1A0694DB001780FC /* LionCub2.jpeg in Resources */,
			);
			runOnlyForDeploymentPostprocessing = 0;
		};
		6233162E1A0687E7001780FC /* Resources */ = {
			isa = PBXResourcesBuildPhase;
			buildActionMask = 2147483647;
			files = (
			);
			runOnlyForDeploymentPostprocessing = 0;
		};
/* End PBXResourcesBuildPhase section */

/* Begin PBXSourcesBuildPhase section */
		623316171A0687E7001780FC /* Sources */ = {
			isa = PBXSourcesBuildPhase;
			buildActionMask = 2147483647;
			files = (
				623316231A0687E7001780FC /* ViewController.swift in Sources */,
				623316411A069291001780FC /* Tiger.swift in Sources */,
				623316211A0687E7001780FC /* AppDelegate.swift in Sources */,
			);
			runOnlyForDeploymentPostprocessing = 0;
		};
		6233162C1A0687E7001780FC /* Sources */ = {
			isa = PBXSourcesBuildPhase;
			buildActionMask = 2147483647;
			files = (
				623316371A0687E7001780FC /* LionsAndTigersTests.swift in Sources */,
			);
			runOnlyForDeploymentPostprocessing = 0;
		};
/* End PBXSourcesBuildPhase section */

/* Begin PBXTargetDependency section */
		623316321A0687E7001780FC /* PBXTargetDependency */ = {
			isa = PBXTargetDependency;
			target = 6233161A1A0687E7001780FC /* LionsAndTigers */;
			targetProxy = 623316311A0687E7001780FC /* PBXContainerItemProxy */;
		};
/* End PBXTargetDependency section */

/* Begin PBXVariantGroup section */
		623316241A0687E7001780FC /* Main.storyboard */ = {
			isa = PBXVariantGroup;
			children = (
				623316251A0687E7001780FC /* Base */,
			);
			name = Main.storyboard;
			sourceTree = "<group>";
		};
		623316291A0687E7001780FC /* LaunchScreen.xib */ = {
			isa = PBXVariantGroup;
			children = (
				6233162A1A0687E7001780FC /* Base */,
			);
			name = LaunchScreen.xib;
			sourceTree = "<group>";
		};
/* End PBXVariantGroup section */

/* Begin XCBuildConfiguration section */
		623316381A0687E7001780FC /* Debug */ = {
			isa = XCBuildConfiguration;
			buildSettings = {
				ALWAYS_SEARCH_USER_PATHS = NO;
				CLANG_CXX_LANGUAGE_STANDARD = "gnu++0x";
				CLANG_CXX_LIBRARY = "libc++";
				CLANG_ENABLE_MODULES = YES;
				CLANG_ENABLE_OBJC_ARC = YES;
				CLANG_WARN_BOOL_CONVERSION = YES;
				CLANG_WARN_CONSTANT_CONVERSION = YES;
				CLANG_WARN_DIRECT_OBJC_ISA_USAGE = YES_ERROR;
				CLANG_WARN_EMPTY_BODY = YES;
				CLANG_WARN_ENUM_CONVERSION = YES;
				CLANG_WARN_INT_CONVERSION = YES;
				CLANG_WARN_OBJC_ROOT_CLASS = YES_ERROR;
				CLANG_WARN_UNREACHABLE_CODE = YES;
				CLANG_WARN__DUPLICATE_METHOD_MATCH = YES;
				"CODE_SIGN_IDENTITY[sdk=iphoneos*]" = "iPhone Developer";
				COPY_PHASE_STRIP = NO;
				ENABLE_STRICT_OBJC_MSGSEND = YES;
				GCC_C_LANGUAGE_STANDARD = gnu99;
				GCC_DYNAMIC_NO_PIC = NO;
				GCC_OPTIMIZATION_LEVEL = 0;
				GCC_PREPROCESSOR_DEFINITIONS = (
					"DEBUG=1",
					"$(inherited)",
				);
				GCC_SYMBOLS_PRIVATE_EXTERN = NO;
				GCC_WARN_64_TO_32_BIT_CONVERSION = YES;
				GCC_WARN_ABOUT_RETURN_TYPE = YES_ERROR;
				GCC_WARN_UNDECLARED_SELECTOR = YES;
				GCC_WARN_UNINITIALIZED_AUTOS = YES_AGGRESSIVE;
				GCC_WARN_UNUSED_FUNCTION = YES;
				GCC_WARN_UNUSED_VARIABLE = YES;
				IPHONEOS_DEPLOYMENT_TARGET = 8.1;
				MTL_ENABLE_DEBUG_INFO = YES;
				ONLY_ACTIVE_ARCH = YES;
				SDKROOT = iphoneos;
				SWIFT_OPTIMIZATION_LEVEL = "-Onone";
			};
			name = Debug;
		};
		623316391A0687E7001780FC /* Release */ = {
			isa = XCBuildConfiguration;
			buildSettings = {
				ALWAYS_SEARCH_USER_PATHS = NO;
				CLANG_CXX_LANGUAGE_STANDARD = "gnu++0x";
				CLANG_CXX_LIBRARY = "libc++";
				CLANG_ENABLE_MODULES = YES;
				CLANG_ENABLE_OBJC_ARC = YES;
				CLANG_WARN_BOOL_CONVERSION = YES;
				CLANG_WARN_CONSTANT_CONVERSION = YES;
				CLANG_WARN_DIRECT_OBJC_ISA_USAGE = YES_ERROR;
				CLANG_WARN_EMPTY_BODY = YES;
				CLANG_WARN_ENUM_CONVERSION = YES;
				CLANG_WARN_INT_CONVERSION = YES;
				CLANG_WARN_OBJC_ROOT_CLASS = YES_ERROR;
				CLANG_WARN_UNREACHABLE_CODE = YES;
				CLANG_WARN__DUPLICATE_METHOD_MATCH = YES;
				"CODE_SIGN_IDENTITY[sdk=iphoneos*]" = "iPhone Developer";
				COPY_PHASE_STRIP = YES;
				ENABLE_NS_ASSERTIONS = NO;
				ENABLE_STRICT_OBJC_MSGSEND = YES;
				GCC_C_LANGUAGE_STANDARD = gnu99;
				GCC_WARN_64_TO_32_BIT_CONVERSION = YES;
				GCC_WARN_ABOUT_RETURN_TYPE = YES_ERROR;
				GCC_WARN_UNDECLARED_SELECTOR = YES;
				GCC_WARN_UNINITIALIZED_AUTOS = YES_AGGRESSIVE;
				GCC_WARN_UNUSED_FUNCTION = YES;
				GCC_WARN_UNUSED_VARIABLE = YES;
				IPHONEOS_DEPLOYMENT_TARGET = 8.1;
				MTL_ENABLE_DEBUG_INFO = NO;
				SDKROOT = iphoneos;
				VALIDATE_PRODUCT = YES;
			};
			name = Release;
		};
		6233163B1A0687E7001780FC /* Debug */ = {
			isa = XCBuildConfiguration;
			buildSettings = {
				ASSETCATALOG_COMPILER_APPICON_NAME = AppIcon;
				INFOPLIST_FILE = LionsAndTigers/Info.plist;
				LD_RUNPATH_SEARCH_PATHS = "$(inherited) @executable_path/Frameworks";
				PRODUCT_NAME = "$(TARGET_NAME)";
			};
			name = Debug;
		};
		6233163C1A0687E7001780FC /* Release */ = {
			isa = XCBuildConfiguration;
			buildSettings = {
				ASSETCATALOG_COMPILER_APPICON_NAME = AppIcon;
				INFOPLIST_FILE = LionsAndTigers/Info.plist;
				LD_RUNPATH_SEARCH_PATHS = "$(inherited) @executable_path/Frameworks";
				PRODUCT_NAME = "$(TARGET_NAME)";
			};
			name = Release;
		};
		6233163E1A0687E7001780FC /* Debug */ = {
			isa = XCBuildConfiguration;
			buildSettings = {
				BUNDLE_LOADER = "$(TEST_HOST)";
				FRAMEWORK_SEARCH_PATHS = (
					"$(SDKROOT)/Developer/Library/Frameworks",
					"$(inherited)",
				);
				GCC_PREPROCESSOR_DEFINITIONS = (
					"DEBUG=1",
					"$(inherited)",
				);
				INFOPLIST_FILE = LionsAndTigersTests/Info.plist;
				LD_RUNPATH_SEARCH_PATHS = "$(inherited) @executable_path/Frameworks @loader_path/Frameworks";
				PRODUCT_NAME = "$(TARGET_NAME)";
				TEST_HOST = "$(BUILT_PRODUCTS_DIR)/LionsAndTigers.app/LionsAndTigers";
			};
			name = Debug;
		};
		6233163F1A0687E7001780FC /* Release */ = {
			isa = XCBuildConfiguration;
			buildSettings = {
				BUNDLE_LOADER = "$(TEST_HOST)";
				FRAMEWORK_SEARCH_PATHS = (
					"$(SDKROOT)/Developer/Library/Frameworks",
					"$(inherited)",
				);
				INFOPLIST_FILE = LionsAndTigersTests/Info.plist;
				LD_RUNPATH_SEARCH_PATHS = "$(inherited) @executable_path/Frameworks @loader_path/Frameworks";
				PRODUCT_NAME = "$(TARGET_NAME)";
				TEST_HOST = "$(BUILT_PRODUCTS_DIR)/LionsAndTigers.app/LionsAndTigers";
			};
			name = Release;
		};
/* End XCBuildConfiguration section */

/* Begin XCConfigurationList section */
		623316161A0687E7001780FC /* Build configuration list for PBXProject "LionsAndTigers" */ = {
			isa = XCConfigurationList;
			buildConfigurations = (
				623316381A0687E7001780FC /* Debug */,
				623316391A0687E7001780FC /* Release */,
			);
			defaultConfigurationIsVisible = 0;
			defaultConfigurationName = Release;
		};
		6233163A1A0687E7001780FC /* Build configuration list for PBXNativeTarget "LionsAndTigers" */ = {
			isa = XCConfigurationList;
			buildConfigurations = (
				6233163B1A0687E7001780FC /* Debug */,
				6233163C1A0687E7001780FC /* Release */,
			);
			defaultConfigurationIsVisible = 0;
		};
		6233163D1A0687E7001780FC /* Build configuration list for PBXNativeTarget "LionsAndTigersTests" */ = {
			isa = XCConfigurationList;
			buildConfigurations = (
				6233163E1A0687E7001780FC /* Debug */,
				6233163F1A0687E7001780FC /* Release */,
			);
			defaultConfigurationIsVisible = 0;
		};
/* End XCConfigurationList section */
	};
	rootObject = 623316131A0687E7001780FC /* Project object */;
}
